// !$*UTF8*$!
{
	archiveVersion = 1;
	classes = {
	};
	objectVersion = 55;
	objects = {

/* Begin PBXBuildFile section */
		837D078A8965DB58D7F7019A /* Pods_Devops_iOS_Devops_iOSUITests.framework in Frameworks */ = {isa = PBXBuildFile; fileRef = 25003A7669323E0217E5A8C0 /* Pods_Devops_iOS_Devops_iOSUITests.framework */; };
		94DA4FCDF3A1F03B024D2FBC /* Pods_Devops_iOSTests.framework in Frameworks */ = {isa = PBXBuildFile; fileRef = 21C825FBC4CA569FD370A4A5 /* Pods_Devops_iOSTests.framework */; };
		EE139C0427C3160300D620A9 /* AppDelegate.swift in Sources */ = {isa = PBXBuildFile; fileRef = EE139C0327C3160300D620A9 /* AppDelegate.swift */; };
		EE139C0627C3160300D620A9 /* SceneDelegate.swift in Sources */ = {isa = PBXBuildFile; fileRef = EE139C0527C3160300D620A9 /* SceneDelegate.swift */; };
		EE139C0827C3160300D620A9 /* ViewController.swift in Sources */ = {isa = PBXBuildFile; fileRef = EE139C0727C3160300D620A9 /* ViewController.swift */; };
		EE139C0B27C3160300D620A9 /* Main.storyboard in Resources */ = {isa = PBXBuildFile; fileRef = EE139C0927C3160300D620A9 /* Main.storyboard */; };
		EE139C0D27C3160600D620A9 /* Assets.xcassets in Resources */ = {isa = PBXBuildFile; fileRef = EE139C0C27C3160600D620A9 /* Assets.xcassets */; };
		EE139C1027C3160600D620A9 /* LaunchScreen.storyboard in Resources */ = {isa = PBXBuildFile; fileRef = EE139C0E27C3160600D620A9 /* LaunchScreen.storyboard */; };
		EE139C1B27C3160600D620A9 /* Devops_iOSTests.swift in Sources */ = {isa = PBXBuildFile; fileRef = EE139C1A27C3160600D620A9 /* Devops_iOSTests.swift */; };
		EE139C2527C3160600D620A9 /* Devops_iOSUITests.swift in Sources */ = {isa = PBXBuildFile; fileRef = EE139C2427C3160600D620A9 /* Devops_iOSUITests.swift */; };
		EE139C2727C3160600D620A9 /* Devops_iOSUITestsLaunchTests.swift in Sources */ = {isa = PBXBuildFile; fileRef = EE139C2627C3160600D620A9 /* Devops_iOSUITestsLaunchTests.swift */; };
		F947A0F9934EBC8082E2531B /* Pods_Devops_iOS.framework in Frameworks */ = {isa = PBXBuildFile; fileRef = CB7B1F2D7CED1F82F66FE5D3 /* Pods_Devops_iOS.framework */; };
/* End PBXBuildFile section */

/* Begin PBXContainerItemProxy section */
		EE139C1727C3160600D620A9 /* PBXContainerItemProxy */ = {
			isa = PBXContainerItemProxy;
			containerPortal = EE139BF827C3160300D620A9 /* Project object */;
			proxyType = 1;
			remoteGlobalIDString = EE139BFF27C3160300D620A9;
			remoteInfo = "Devops-iOS";
		};
		EE139C2127C3160600D620A9 /* PBXContainerItemProxy */ = {
			isa = PBXContainerItemProxy;
			containerPortal = EE139BF827C3160300D620A9 /* Project object */;
			proxyType = 1;
			remoteGlobalIDString = EE139BFF27C3160300D620A9;
			remoteInfo = "Devops-iOS";
		};
/* End PBXContainerItemProxy section */

/* Begin PBXFileReference section */
		0EA45B01B2F486287C5E824C /* Pods-Devops-iOSTests.release.xcconfig */ = {isa = PBXFileReference; includeInIndex = 1; lastKnownFileType = text.xcconfig; name = "Pods-Devops-iOSTests.release.xcconfig"; path = "Target Support Files/Pods-Devops-iOSTests/Pods-Devops-iOSTests.release.xcconfig"; sourceTree = "<group>"; };
		21C825FBC4CA569FD370A4A5 /* Pods_Devops_iOSTests.framework */ = {isa = PBXFileReference; explicitFileType = wrapper.framework; includeInIndex = 0; path = Pods_Devops_iOSTests.framework; sourceTree = BUILT_PRODUCTS_DIR; };
		25003A7669323E0217E5A8C0 /* Pods_Devops_iOS_Devops_iOSUITests.framework */ = {isa = PBXFileReference; explicitFileType = wrapper.framework; includeInIndex = 0; path = Pods_Devops_iOS_Devops_iOSUITests.framework; sourceTree = BUILT_PRODUCTS_DIR; };
		4576122C145DF12E19B5038A /* Pods-Devops-iOS.release.xcconfig */ = {isa = PBXFileReference; includeInIndex = 1; lastKnownFileType = text.xcconfig; name = "Pods-Devops-iOS.release.xcconfig"; path = "Target Support Files/Pods-Devops-iOS/Pods-Devops-iOS.release.xcconfig"; sourceTree = "<group>"; };
		5CC37E9A10B0867FA023BAC5 /* Pods-Devops-iOS-Devops-iOSUITests.release.xcconfig */ = {isa = PBXFileReference; includeInIndex = 1; lastKnownFileType = text.xcconfig; name = "Pods-Devops-iOS-Devops-iOSUITests.release.xcconfig"; path = "Target Support Files/Pods-Devops-iOS-Devops-iOSUITests/Pods-Devops-iOS-Devops-iOSUITests.release.xcconfig"; sourceTree = "<group>"; };
		6A1AA2AD18D8539AE6C50019 /* Pods-Devops-iOS.debug.xcconfig */ = {isa = PBXFileReference; includeInIndex = 1; lastKnownFileType = text.xcconfig; name = "Pods-Devops-iOS.debug.xcconfig"; path = "Target Support Files/Pods-Devops-iOS/Pods-Devops-iOS.debug.xcconfig"; sourceTree = "<group>"; };
		A29083BEA55AEC1155908216 /* Pods-Devops-iOSTests.debug.xcconfig */ = {isa = PBXFileReference; includeInIndex = 1; lastKnownFileType = text.xcconfig; name = "Pods-Devops-iOSTests.debug.xcconfig"; path = "Target Support Files/Pods-Devops-iOSTests/Pods-Devops-iOSTests.debug.xcconfig"; sourceTree = "<group>"; };
		CB7B1F2D7CED1F82F66FE5D3 /* Pods_Devops_iOS.framework */ = {isa = PBXFileReference; explicitFileType = wrapper.framework; includeInIndex = 0; path = Pods_Devops_iOS.framework; sourceTree = BUILT_PRODUCTS_DIR; };
		D5F2D592CA0EEC32CDC2A275 /* Pods-Devops-iOS-Devops-iOSUITests.debug.xcconfig */ = {isa = PBXFileReference; includeInIndex = 1; lastKnownFileType = text.xcconfig; name = "Pods-Devops-iOS-Devops-iOSUITests.debug.xcconfig"; path = "Target Support Files/Pods-Devops-iOS-Devops-iOSUITests/Pods-Devops-iOS-Devops-iOSUITests.debug.xcconfig"; sourceTree = "<group>"; };
		EE139C0027C3160300D620A9 /* Devops-iOS.app */ = {isa = PBXFileReference; explicitFileType = wrapper.application; includeInIndex = 0; path = "Devops-iOS.app"; sourceTree = BUILT_PRODUCTS_DIR; };
		EE139C0327C3160300D620A9 /* AppDelegate.swift */ = {isa = PBXFileReference; lastKnownFileType = sourcecode.swift; path = AppDelegate.swift; sourceTree = "<group>"; };
		EE139C0527C3160300D620A9 /* SceneDelegate.swift */ = {isa = PBXFileReference; lastKnownFileType = sourcecode.swift; path = SceneDelegate.swift; sourceTree = "<group>"; };
		EE139C0727C3160300D620A9 /* ViewController.swift */ = {isa = PBXFileReference; lastKnownFileType = sourcecode.swift; path = ViewController.swift; sourceTree = "<group>"; };
		EE139C0A27C3160300D620A9 /* Base */ = {isa = PBXFileReference; lastKnownFileType = file.storyboard; name = Base; path = Base.lproj/Main.storyboard; sourceTree = "<group>"; };
		EE139C0C27C3160600D620A9 /* Assets.xcassets */ = {isa = PBXFileReference; lastKnownFileType = folder.assetcatalog; path = Assets.xcassets; sourceTree = "<group>"; };
		EE139C0F27C3160600D620A9 /* Base */ = {isa = PBXFileReference; lastKnownFileType = file.storyboard; name = Base; path = Base.lproj/LaunchScreen.storyboard; sourceTree = "<group>"; };
		EE139C1127C3160600D620A9 /* Info.plist */ = {isa = PBXFileReference; lastKnownFileType = text.plist.xml; path = Info.plist; sourceTree = "<group>"; };
		EE139C1627C3160600D620A9 /* Devops-iOSTests.xctest */ = {isa = PBXFileReference; explicitFileType = wrapper.cfbundle; includeInIndex = 0; path = "Devops-iOSTests.xctest"; sourceTree = BUILT_PRODUCTS_DIR; };
		EE139C1A27C3160600D620A9 /* Devops_iOSTests.swift */ = {isa = PBXFileReference; lastKnownFileType = sourcecode.swift; path = Devops_iOSTests.swift; sourceTree = "<group>"; };
		EE139C2027C3160600D620A9 /* Devops-iOSUITests.xctest */ = {isa = PBXFileReference; explicitFileType = wrapper.cfbundle; includeInIndex = 0; path = "Devops-iOSUITests.xctest"; sourceTree = BUILT_PRODUCTS_DIR; };
		EE139C2427C3160600D620A9 /* Devops_iOSUITests.swift */ = {isa = PBXFileReference; lastKnownFileType = sourcecode.swift; path = Devops_iOSUITests.swift; sourceTree = "<group>"; };
		EE139C2627C3160600D620A9 /* Devops_iOSUITestsLaunchTests.swift */ = {isa = PBXFileReference; lastKnownFileType = sourcecode.swift; path = Devops_iOSUITestsLaunchTests.swift; sourceTree = "<group>"; };
/* End PBXFileReference section */

/* Begin PBXFrameworksBuildPhase section */
		EE139BFD27C3160300D620A9 /* Frameworks */ = {
			isa = PBXFrameworksBuildPhase;
			buildActionMask = 2147483647;
			files = (
				F947A0F9934EBC8082E2531B /* Pods_Devops_iOS.framework in Frameworks */,
			);
			runOnlyForDeploymentPostprocessing = 0;
		};
		EE139C1327C3160600D620A9 /* Frameworks */ = {
			isa = PBXFrameworksBuildPhase;
			buildActionMask = 2147483647;
			files = (
				94DA4FCDF3A1F03B024D2FBC /* Pods_Devops_iOSTests.framework in Frameworks */,
			);
			runOnlyForDeploymentPostprocessing = 0;
		};
		EE139C1D27C3160600D620A9 /* Frameworks */ = {
			isa = PBXFrameworksBuildPhase;
			buildActionMask = 2147483647;
			files = (
				837D078A8965DB58D7F7019A /* Pods_Devops_iOS_Devops_iOSUITests.framework in Frameworks */,
			);
			runOnlyForDeploymentPostprocessing = 0;
		};
/* End PBXFrameworksBuildPhase section */

/* Begin PBXGroup section */
		641CA1DF9FC56F6CF4DEE248 /* Pods */ = {
			isa = PBXGroup;
			children = (
				6A1AA2AD18D8539AE6C50019 /* Pods-Devops-iOS.debug.xcconfig */,
				4576122C145DF12E19B5038A /* Pods-Devops-iOS.release.xcconfig */,
				D5F2D592CA0EEC32CDC2A275 /* Pods-Devops-iOS-Devops-iOSUITests.debug.xcconfig */,
				5CC37E9A10B0867FA023BAC5 /* Pods-Devops-iOS-Devops-iOSUITests.release.xcconfig */,
				A29083BEA55AEC1155908216 /* Pods-Devops-iOSTests.debug.xcconfig */,
				0EA45B01B2F486287C5E824C /* Pods-Devops-iOSTests.release.xcconfig */,
			);
			path = Pods;
			sourceTree = "<group>";
		};
		A2ACB7C2F74C86594FC73819 /* Frameworks */ = {
			isa = PBXGroup;
			children = (
				CB7B1F2D7CED1F82F66FE5D3 /* Pods_Devops_iOS.framework */,
				25003A7669323E0217E5A8C0 /* Pods_Devops_iOS_Devops_iOSUITests.framework */,
				21C825FBC4CA569FD370A4A5 /* Pods_Devops_iOSTests.framework */,
			);
			name = Frameworks;
			sourceTree = "<group>";
		};
		EE139BF727C3160300D620A9 = {
			isa = PBXGroup;
			children = (
				EE139C0227C3160300D620A9 /* Devops-iOS */,
				EE139C1927C3160600D620A9 /* Devops-iOSTests */,
				EE139C2327C3160600D620A9 /* Devops-iOSUITests */,
				EE139C0127C3160300D620A9 /* Products */,
				641CA1DF9FC56F6CF4DEE248 /* Pods */,
				A2ACB7C2F74C86594FC73819 /* Frameworks */,
			);
			sourceTree = "<group>";
		};
		EE139C0127C3160300D620A9 /* Products */ = {
			isa = PBXGroup;
			children = (
				EE139C0027C3160300D620A9 /* Devops-iOS.app */,
				EE139C1627C3160600D620A9 /* Devops-iOSTests.xctest */,
				EE139C2027C3160600D620A9 /* Devops-iOSUITests.xctest */,
			);
			name = Products;
			sourceTree = "<group>";
		};
		EE139C0227C3160300D620A9 /* Devops-iOS */ = {
			isa = PBXGroup;
			children = (
				EE139C0327C3160300D620A9 /* AppDelegate.swift */,
				EE139C0527C3160300D620A9 /* SceneDelegate.swift */,
				EE139C0727C3160300D620A9 /* ViewController.swift */,
				EE139C0927C3160300D620A9 /* Main.storyboard */,
				EE139C0C27C3160600D620A9 /* Assets.xcassets */,
				EE139C0E27C3160600D620A9 /* LaunchScreen.storyboard */,
				EE139C1127C3160600D620A9 /* Info.plist */,
			);
			path = "Devops-iOS";
			sourceTree = "<group>";
		};
		EE139C1927C3160600D620A9 /* Devops-iOSTests */ = {
			isa = PBXGroup;
			children = (
				EE139C1A27C3160600D620A9 /* Devops_iOSTests.swift */,
			);
			path = "Devops-iOSTests";
			sourceTree = "<group>";
		};
		EE139C2327C3160600D620A9 /* Devops-iOSUITests */ = {
			isa = PBXGroup;
			children = (
				EE139C2427C3160600D620A9 /* Devops_iOSUITests.swift */,
				EE139C2627C3160600D620A9 /* Devops_iOSUITestsLaunchTests.swift */,
			);
			path = "Devops-iOSUITests";
			sourceTree = "<group>";
		};
/* End PBXGroup section */

/* Begin PBXNativeTarget section */
		EE139BFF27C3160300D620A9 /* Devops-iOS */ = {
			isa = PBXNativeTarget;
			buildConfigurationList = EE139C2A27C3160600D620A9 /* Build configuration list for PBXNativeTarget "Devops-iOS" */;
			buildPhases = (
				21B55937CDD436E30A67C909 /* [CP] Check Pods Manifest.lock */,
				EE139BFC27C3160300D620A9 /* Sources */,
				EE139BFD27C3160300D620A9 /* Frameworks */,
				EE139BFE27C3160300D620A9 /* Resources */,
			);
			buildRules = (
			);
			dependencies = (
			);
			name = "Devops-iOS";
			productName = "Devops-iOS";
			productReference = EE139C0027C3160300D620A9 /* Devops-iOS.app */;
			productType = "com.apple.product-type.application";
		};
		EE139C1527C3160600D620A9 /* Devops-iOSTests */ = {
			isa = PBXNativeTarget;
			buildConfigurationList = EE139C2D27C3160600D620A9 /* Build configuration list for PBXNativeTarget "Devops-iOSTests" */;
			buildPhases = (
				44DA6F8FF8F7CA951C391280 /* [CP] Check Pods Manifest.lock */,
				EE139C1227C3160600D620A9 /* Sources */,
				EE139C1327C3160600D620A9 /* Frameworks */,
				EE139C1427C3160600D620A9 /* Resources */,
			);
			buildRules = (
			);
			dependencies = (
				EE139C1827C3160600D620A9 /* PBXTargetDependency */,
			);
			name = "Devops-iOSTests";
			productName = "Devops-iOSTests";
			productReference = EE139C1627C3160600D620A9 /* Devops-iOSTests.xctest */;
			productType = "com.apple.product-type.bundle.unit-test";
		};
		EE139C1F27C3160600D620A9 /* Devops-iOSUITests */ = {
			isa = PBXNativeTarget;
			buildConfigurationList = EE139C3027C3160600D620A9 /* Build configuration list for PBXNativeTarget "Devops-iOSUITests" */;
			buildPhases = (
				23322FF95BAA6A6AB3C444D8 /* [CP] Check Pods Manifest.lock */,
				EE139C1C27C3160600D620A9 /* Sources */,
				EE139C1D27C3160600D620A9 /* Frameworks */,
				EE139C1E27C3160600D620A9 /* Resources */,
			);
			buildRules = (
			);
			dependencies = (
				EE139C2227C3160600D620A9 /* PBXTargetDependency */,
			);
			name = "Devops-iOSUITests";
			productName = "Devops-iOSUITests";
			productReference = EE139C2027C3160600D620A9 /* Devops-iOSUITests.xctest */;
			productType = "com.apple.product-type.bundle.ui-testing";
		};
/* End PBXNativeTarget section */

/* Begin PBXProject section */
		EE139BF827C3160300D620A9 /* Project object */ = {
			isa = PBXProject;
			attributes = {
				BuildIndependentTargetsInParallel = 1;
				LastSwiftUpdateCheck = 1300;
				LastUpgradeCheck = 1300;
				TargetAttributes = {
					EE139BFF27C3160300D620A9 = {
						CreatedOnToolsVersion = 13.0;
					};
					EE139C1527C3160600D620A9 = {
						CreatedOnToolsVersion = 13.0;
						TestTargetID = EE139BFF27C3160300D620A9;
					};
					EE139C1F27C3160600D620A9 = {
						CreatedOnToolsVersion = 13.0;
						TestTargetID = EE139BFF27C3160300D620A9;
					};
				};
			};
			buildConfigurationList = EE139BFB27C3160300D620A9 /* Build configuration list for PBXProject "Devops-iOS" */;
			compatibilityVersion = "Xcode 13.0";
			developmentRegion = en;
			hasScannedForEncodings = 0;
			knownRegions = (
				en,
				Base,
			);
			mainGroup = EE139BF727C3160300D620A9;
			productRefGroup = EE139C0127C3160300D620A9 /* Products */;
			projectDirPath = "";
			projectRoot = "";
			targets = (
				EE139BFF27C3160300D620A9 /* Devops-iOS */,
				EE139C1527C3160600D620A9 /* Devops-iOSTests */,
				EE139C1F27C3160600D620A9 /* Devops-iOSUITests */,
			);
		};
/* End PBXProject section */

/* Begin PBXResourcesBuildPhase section */
		EE139BFE27C3160300D620A9 /* Resources */ = {
			isa = PBXResourcesBuildPhase;
			buildActionMask = 2147483647;
			files = (
				EE139C1027C3160600D620A9 /* LaunchScreen.storyboard in Resources */,
				EE139C0D27C3160600D620A9 /* Assets.xcassets in Resources */,
				EE139C0B27C3160300D620A9 /* Main.storyboard in Resources */,
			);
			runOnlyForDeploymentPostprocessing = 0;
		};
		EE139C1427C3160600D620A9 /* Resources */ = {
			isa = PBXResourcesBuildPhase;
			buildActionMask = 2147483647;
			files = (
			);
			runOnlyForDeploymentPostprocessing = 0;
		};
		EE139C1E27C3160600D620A9 /* Resources */ = {
			isa = PBXResourcesBuildPhase;
			buildActionMask = 2147483647;
			files = (
			);
			runOnlyForDeploymentPostprocessing = 0;
		};
/* End PBXResourcesBuildPhase section */

/* Begin PBXShellScriptBuildPhase section */
		21B55937CDD436E30A67C909 /* [CP] Check Pods Manifest.lock */ = {
			isa = PBXShellScriptBuildPhase;
			buildActionMask = 2147483647;
			files = (
			);
			inputFileListPaths = (
			);
			inputPaths = (
				"${PODS_PODFILE_DIR_PATH}/Podfile.lock",
				"${PODS_ROOT}/Manifest.lock",
			);
			name = "[CP] Check Pods Manifest.lock";
			outputFileListPaths = (
			);
			outputPaths = (
				"$(DERIVED_FILE_DIR)/Pods-Devops-iOS-checkManifestLockResult.txt",
			);
			runOnlyForDeploymentPostprocessing = 0;
			shellPath = /bin/sh;
			shellScript = "diff \"${PODS_PODFILE_DIR_PATH}/Podfile.lock\" \"${PODS_ROOT}/Manifest.lock\" > /dev/null\nif [ $? != 0 ] ; then\n    # print error to STDERR\n    echo \"error: The sandbox is not in sync with the Podfile.lock. Run 'pod install' or update your CocoaPods installation.\" >&2\n    exit 1\nfi\n# This output is used by Xcode 'outputs' to avoid re-running this script phase.\necho \"SUCCESS\" > \"${SCRIPT_OUTPUT_FILE_0}\"\n";
			showEnvVarsInLog = 0;
		};
		23322FF95BAA6A6AB3C444D8 /* [CP] Check Pods Manifest.lock */ = {
			isa = PBXShellScriptBuildPhase;
			buildActionMask = 2147483647;
			files = (
			);
			inputFileListPaths = (
			);
			inputPaths = (
				"${PODS_PODFILE_DIR_PATH}/Podfile.lock",
				"${PODS_ROOT}/Manifest.lock",
			);
			name = "[CP] Check Pods Manifest.lock";
			outputFileListPaths = (
			);
			outputPaths = (
				"$(DERIVED_FILE_DIR)/Pods-Devops-iOS-Devops-iOSUITests-checkManifestLockResult.txt",
			);
			runOnlyForDeploymentPostprocessing = 0;
			shellPath = /bin/sh;
			shellScript = "diff \"${PODS_PODFILE_DIR_PATH}/Podfile.lock\" \"${PODS_ROOT}/Manifest.lock\" > /dev/null\nif [ $? != 0 ] ; then\n    # print error to STDERR\n    echo \"error: The sandbox is not in sync with the Podfile.lock. Run 'pod install' or update your CocoaPods installation.\" >&2\n    exit 1\nfi\n# This output is used by Xcode 'outputs' to avoid re-running this script phase.\necho \"SUCCESS\" > \"${SCRIPT_OUTPUT_FILE_0}\"\n";
			showEnvVarsInLog = 0;
		};
		44DA6F8FF8F7CA951C391280 /* [CP] Check Pods Manifest.lock */ = {
			isa = PBXShellScriptBuildPhase;
			buildActionMask = 2147483647;
			files = (
			);
			inputFileListPaths = (
			);
			inputPaths = (
				"${PODS_PODFILE_DIR_PATH}/Podfile.lock",
				"${PODS_ROOT}/Manifest.lock",
			);
			name = "[CP] Check Pods Manifest.lock";
			outputFileListPaths = (
			);
			outputPaths = (
				"$(DERIVED_FILE_DIR)/Pods-Devops-iOSTests-checkManifestLockResult.txt",
			);
			runOnlyForDeploymentPostprocessing = 0;
			shellPath = /bin/sh;
			shellScript = "diff \"${PODS_PODFILE_DIR_PATH}/Podfile.lock\" \"${PODS_ROOT}/Manifest.lock\" > /dev/null\nif [ $? != 0 ] ; then\n    # print error to STDERR\n    echo \"error: The sandbox is not in sync with the Podfile.lock. Run 'pod install' or update your CocoaPods installation.\" >&2\n    exit 1\nfi\n# This output is used by Xcode 'outputs' to avoid re-running this script phase.\necho \"SUCCESS\" > \"${SCRIPT_OUTPUT_FILE_0}\"\n";
			showEnvVarsInLog = 0;
		};
/* End PBXShellScriptBuildPhase section */

/* Begin PBXSourcesBuildPhase section */
		EE139BFC27C3160300D620A9 /* Sources */ = {
			isa = PBXSourcesBuildPhase;
			buildActionMask = 2147483647;
			files = (
				EE139C0827C3160300D620A9 /* ViewController.swift in Sources */,
				EE139C0427C3160300D620A9 /* AppDelegate.swift in Sources */,
				EE139C0627C3160300D620A9 /* SceneDelegate.swift in Sources */,
			);
			runOnlyForDeploymentPostprocessing = 0;
		};
		EE139C1227C3160600D620A9 /* Sources */ = {
			isa = PBXSourcesBuildPhase;
			buildActionMask = 2147483647;
			files = (
				EE139C1B27C3160600D620A9 /* Devops_iOSTests.swift in Sources */,
			);
			runOnlyForDeploymentPostprocessing = 0;
		};
		EE139C1C27C3160600D620A9 /* Sources */ = {
			isa = PBXSourcesBuildPhase;
			buildActionMask = 2147483647;
			files = (
				EE139C2527C3160600D620A9 /* Devops_iOSUITests.swift in Sources */,
				EE139C2727C3160600D620A9 /* Devops_iOSUITestsLaunchTests.swift in Sources */,
			);
			runOnlyForDeploymentPostprocessing = 0;
		};
/* End PBXSourcesBuildPhase section */

/* Begin PBXTargetDependency section */
		EE139C1827C3160600D620A9 /* PBXTargetDependency */ = {
			isa = PBXTargetDependency;
			target = EE139BFF27C3160300D620A9 /* Devops-iOS */;
			targetProxy = EE139C1727C3160600D620A9 /* PBXContainerItemProxy */;
		};
		EE139C2227C3160600D620A9 /* PBXTargetDependency */ = {
			isa = PBXTargetDependency;
			target = EE139BFF27C3160300D620A9 /* Devops-iOS */;
			targetProxy = EE139C2127C3160600D620A9 /* PBXContainerItemProxy */;
		};
/* End PBXTargetDependency section */

/* Begin PBXVariantGroup section */
		EE139C0927C3160300D620A9 /* Main.storyboard */ = {
			isa = PBXVariantGroup;
			children = (
				EE139C0A27C3160300D620A9 /* Base */,
			);
			name = Main.storyboard;
			sourceTree = "<group>";
		};
		EE139C0E27C3160600D620A9 /* LaunchScreen.storyboard */ = {
			isa = PBXVariantGroup;
			children = (
				EE139C0F27C3160600D620A9 /* Base */,
			);
			name = LaunchScreen.storyboard;
			sourceTree = "<group>";
		};
/* End PBXVariantGroup section */

/* Begin XCBuildConfiguration section */
		EE139C2827C3160600D620A9 /* Debug */ = {
			isa = XCBuildConfiguration;
			buildSettings = {
				ALWAYS_SEARCH_USER_PATHS = NO;
				CLANG_ANALYZER_NONNULL = YES;
				CLANG_ANALYZER_NUMBER_OBJECT_CONVERSION = YES_AGGRESSIVE;
				CLANG_CXX_LANGUAGE_STANDARD = "gnu++17";
				CLANG_CXX_LIBRARY = "libc++";
				CLANG_ENABLE_MODULES = YES;
				CLANG_ENABLE_OBJC_ARC = YES;
				CLANG_ENABLE_OBJC_WEAK = YES;
				CLANG_WARN_BLOCK_CAPTURE_AUTORELEASING = YES;
				CLANG_WARN_BOOL_CONVERSION = YES;
				CLANG_WARN_COMMA = YES;
				CLANG_WARN_CONSTANT_CONVERSION = YES;
				CLANG_WARN_DEPRECATED_OBJC_IMPLEMENTATIONS = YES;
				CLANG_WARN_DIRECT_OBJC_ISA_USAGE = YES_ERROR;
				CLANG_WARN_DOCUMENTATION_COMMENTS = YES;
				CLANG_WARN_EMPTY_BODY = YES;
				CLANG_WARN_ENUM_CONVERSION = YES;
				CLANG_WARN_INFINITE_RECURSION = YES;
				CLANG_WARN_INT_CONVERSION = YES;
				CLANG_WARN_NON_LITERAL_NULL_CONVERSION = YES;
				CLANG_WARN_OBJC_IMPLICIT_RETAIN_SELF = YES;
				CLANG_WARN_OBJC_LITERAL_CONVERSION = YES;
				CLANG_WARN_OBJC_ROOT_CLASS = YES_ERROR;
				CLANG_WARN_QUOTED_INCLUDE_IN_FRAMEWORK_HEADER = YES;
				CLANG_WARN_RANGE_LOOP_ANALYSIS = YES;
				CLANG_WARN_STRICT_PROTOTYPES = YES;
				CLANG_WARN_SUSPICIOUS_MOVE = YES;
				CLANG_WARN_UNGUARDED_AVAILABILITY = YES_AGGRESSIVE;
				CLANG_WARN_UNREACHABLE_CODE = YES;
				CLANG_WARN__DUPLICATE_METHOD_MATCH = YES;
				COPY_PHASE_STRIP = NO;
				DEBUG_INFORMATION_FORMAT = dwarf;
				ENABLE_STRICT_OBJC_MSGSEND = YES;
				ENABLE_TESTABILITY = YES;
				GCC_C_LANGUAGE_STANDARD = gnu11;
				GCC_DYNAMIC_NO_PIC = NO;
				GCC_NO_COMMON_BLOCKS = YES;
				GCC_OPTIMIZATION_LEVEL = 0;
				GCC_PREPROCESSOR_DEFINITIONS = (
					"DEBUG=1",
					"$(inherited)",
				);
				GCC_WARN_64_TO_32_BIT_CONVERSION = YES;
				GCC_WARN_ABOUT_RETURN_TYPE = YES_ERROR;
				GCC_WARN_UNDECLARED_SELECTOR = YES;
				GCC_WARN_UNINITIALIZED_AUTOS = YES_AGGRESSIVE;
				GCC_WARN_UNUSED_FUNCTION = YES;
				GCC_WARN_UNUSED_VARIABLE = YES;
				IPHONEOS_DEPLOYMENT_TARGET = 15.0;
				MTL_ENABLE_DEBUG_INFO = INCLUDE_SOURCE;
				MTL_FAST_MATH = YES;
				ONLY_ACTIVE_ARCH = YES;
				SDKROOT = iphoneos;
				SWIFT_ACTIVE_COMPILATION_CONDITIONS = DEBUG;
				SWIFT_OPTIMIZATION_LEVEL = "-Onone";
			};
			name = Debug;
		};
		EE139C2927C3160600D620A9 /* Release */ = {
			isa = XCBuildConfiguration;
			buildSettings = {
				ALWAYS_SEARCH_USER_PATHS = NO;
				CLANG_ANALYZER_NONNULL = YES;
				CLANG_ANALYZER_NUMBER_OBJECT_CONVERSION = YES_AGGRESSIVE;
				CLANG_CXX_LANGUAGE_STANDARD = "gnu++17";
				CLANG_CXX_LIBRARY = "libc++";
				CLANG_ENABLE_MODULES = YES;
				CLANG_ENABLE_OBJC_ARC = YES;
				CLANG_ENABLE_OBJC_WEAK = YES;
				CLANG_WARN_BLOCK_CAPTURE_AUTORELEASING = YES;
				CLANG_WARN_BOOL_CONVERSION = YES;
				CLANG_WARN_COMMA = YES;
				CLANG_WARN_CONSTANT_CONVERSION = YES;
				CLANG_WARN_DEPRECATED_OBJC_IMPLEMENTATIONS = YES;
				CLANG_WARN_DIRECT_OBJC_ISA_USAGE = YES_ERROR;
				CLANG_WARN_DOCUMENTATION_COMMENTS = YES;
				CLANG_WARN_EMPTY_BODY = YES;
				CLANG_WARN_ENUM_CONVERSION = YES;
				CLANG_WARN_INFINITE_RECURSION = YES;
				CLANG_WARN_INT_CONVERSION = YES;
				CLANG_WARN_NON_LITERAL_NULL_CONVERSION = YES;
				CLANG_WARN_OBJC_IMPLICIT_RETAIN_SELF = YES;
				CLANG_WARN_OBJC_LITERAL_CONVERSION = YES;
				CLANG_WARN_OBJC_ROOT_CLASS = YES_ERROR;
				CLANG_WARN_QUOTED_INCLUDE_IN_FRAMEWORK_HEADER = YES;
				CLANG_WARN_RANGE_LOOP_ANALYSIS = YES;
				CLANG_WARN_STRICT_PROTOTYPES = YES;
				CLANG_WARN_SUSPICIOUS_MOVE = YES;
				CLANG_WARN_UNGUARDED_AVAILABILITY = YES_AGGRESSIVE;
				CLANG_WARN_UNREACHABLE_CODE = YES;
				CLANG_WARN__DUPLICATE_METHOD_MATCH = YES;
				COPY_PHASE_STRIP = NO;
				DEBUG_INFORMATION_FORMAT = "dwarf-with-dsym";
				ENABLE_NS_ASSERTIONS = NO;
				ENABLE_STRICT_OBJC_MSGSEND = YES;
				GCC_C_LANGUAGE_STANDARD = gnu11;
				GCC_NO_COMMON_BLOCKS = YES;
				GCC_WARN_64_TO_32_BIT_CONVERSION = YES;
				GCC_WARN_ABOUT_RETURN_TYPE = YES_ERROR;
				GCC_WARN_UNDECLARED_SELECTOR = YES;
				GCC_WARN_UNINITIALIZED_AUTOS = YES_AGGRESSIVE;
				GCC_WARN_UNUSED_FUNCTION = YES;
				GCC_WARN_UNUSED_VARIABLE = YES;
				IPHONEOS_DEPLOYMENT_TARGET = 15.0;
				MTL_ENABLE_DEBUG_INFO = NO;
				MTL_FAST_MATH = YES;
				SDKROOT = iphoneos;
				SWIFT_COMPILATION_MODE = wholemodule;
				SWIFT_OPTIMIZATION_LEVEL = "-O";
				VALIDATE_PRODUCT = YES;
			};
			name = Release;
		};
		EE139C2B27C3160600D620A9 /* Debug */ = {
			isa = XCBuildConfiguration;
			baseConfigurationReference = 6A1AA2AD18D8539AE6C50019 /* Pods-Devops-iOS.debug.xcconfig */;
			buildSettings = {
				ASSETCATALOG_COMPILER_APPICON_NAME = AppIcon;
				ASSETCATALOG_COMPILER_GLOBAL_ACCENT_COLOR_NAME = AccentColor;
				CODE_SIGN_STYLE = Automatic;
				CURRENT_PROJECT_VERSION = 1;
				DEVELOPMENT_TEAM = 5W68NWGFXQ;
				GENERATE_INFOPLIST_FILE = YES;
				INFOPLIST_FILE = "Devops-iOS/Info.plist";
				INFOPLIST_KEY_UIApplicationSupportsIndirectInputEvents = YES;
				INFOPLIST_KEY_UILaunchStoryboardName = LaunchScreen;
				INFOPLIST_KEY_UIMainStoryboardFile = Main;
				INFOPLIST_KEY_UISupportedInterfaceOrientations_iPad = "UIInterfaceOrientationPortrait UIInterfaceOrientationPortraitUpsideDown UIInterfaceOrientationLandscapeLeft UIInterfaceOrientationLandscapeRight";
				INFOPLIST_KEY_UISupportedInterfaceOrientations_iPhone = "UIInterfaceOrientationPortrait UIInterfaceOrientationLandscapeLeft UIInterfaceOrientationLandscapeRight";
				LD_RUNPATH_SEARCH_PATHS = (
					"$(inherited)",
					"@executable_path/Frameworks",
				);
				MARKETING_VERSION = 1.0;
				PRODUCT_BUNDLE_IDENTIFIER = "com.proactive.devops.com.Devops-iOS";
				PRODUCT_NAME = "$(TARGET_NAME)";
				SWIFT_EMIT_LOC_STRINGS = YES;
				SWIFT_VERSION = 5.0;
				TARGETED_DEVICE_FAMILY = "1,2";
			};
			name = Debug;
		};
		EE139C2C27C3160600D620A9 /* Release */ = {
			isa = XCBuildConfiguration;
			baseConfigurationReference = 4576122C145DF12E19B5038A /* Pods-Devops-iOS.release.xcconfig */;
			buildSettings = {
				ASSETCATALOG_COMPILER_APPICON_NAME = AppIcon;
				ASSETCATALOG_COMPILER_GLOBAL_ACCENT_COLOR_NAME = AccentColor;
				CODE_SIGN_STYLE = Automatic;
				CURRENT_PROJECT_VERSION = 1;
				DEVELOPMENT_TEAM = 5W68NWGFXQ;
				GENERATE_INFOPLIST_FILE = YES;
				INFOPLIST_FILE = "Devops-iOS/Info.plist";
				INFOPLIST_KEY_UIApplicationSupportsIndirectInputEvents = YES;
				INFOPLIST_KEY_UILaunchStoryboardName = LaunchScreen;
				INFOPLIST_KEY_UIMainStoryboardFile = Main;
				INFOPLIST_KEY_UISupportedInterfaceOrientations_iPad = "UIInterfaceOrientationPortrait UIInterfaceOrientationPortraitUpsideDown UIInterfaceOrientationLandscapeLeft UIInterfaceOrientationLandscapeRight";
				INFOPLIST_KEY_UISupportedInterfaceOrientations_iPhone = "UIInterfaceOrientationPortrait UIInterfaceOrientationLandscapeLeft UIInterfaceOrientationLandscapeRight";
				LD_RUNPATH_SEARCH_PATHS = (
					"$(inherited)",
					"@executable_path/Frameworks",
				);
				MARKETING_VERSION = 1.0;
				PRODUCT_BUNDLE_IDENTIFIER = "com.proactive.devops.com.Devops-iOS";
				PRODUCT_NAME = "$(TARGET_NAME)";
				SWIFT_EMIT_LOC_STRINGS = YES;
				SWIFT_VERSION = 5.0;
				TARGETED_DEVICE_FAMILY = "1,2";
			};
			name = Release;
		};
		EE139C2E27C3160600D620A9 /* Debug */ = {
			isa = XCBuildConfiguration;
			baseConfigurationReference = A29083BEA55AEC1155908216 /* Pods-Devops-iOSTests.debug.xcconfig */;
			buildSettings = {
				ALWAYS_EMBED_SWIFT_STANDARD_LIBRARIES = YES;
				BUNDLE_LOADER = "$(TEST_HOST)";
				CODE_SIGN_STYLE = Automatic;
				CURRENT_PROJECT_VERSION = 1;
				DEVELOPMENT_TEAM = 5W68NWGFXQ;
				GENERATE_INFOPLIST_FILE = YES;
				IPHONEOS_DEPLOYMENT_TARGET = 15.0;
				LD_RUNPATH_SEARCH_PATHS = (
					"$(inherited)",
					"@executable_path/Frameworks",
					"@loader_path/Frameworks",
				);
				MARKETING_VERSION = 1.0;
				PRODUCT_BUNDLE_IDENTIFIER = "com.proactive.devops.com.Devops-iOSTests";
				PRODUCT_NAME = "$(TARGET_NAME)";
				SWIFT_EMIT_LOC_STRINGS = NO;
				SWIFT_VERSION = 5.0;
				TARGETED_DEVICE_FAMILY = "1,2";
				TEST_HOST = "$(BUILT_PRODUCTS_DIR)/Devops-iOS.app/Devops-iOS";
			};
			name = Debug;
		};
		EE139C2F27C3160600D620A9 /* Release */ = {
			isa = XCBuildConfiguration;
			baseConfigurationReference = 0EA45B01B2F486287C5E824C /* Pods-Devops-iOSTests.release.xcconfig */;
			buildSettings = {
				ALWAYS_EMBED_SWIFT_STANDARD_LIBRARIES = YES;
				BUNDLE_LOADER = "$(TEST_HOST)";
				CODE_SIGN_STYLE = Automatic;
				CURRENT_PROJECT_VERSION = 1;
				DEVELOPMENT_TEAM = 5W68NWGFXQ;
				GENERATE_INFOPLIST_FILE = YES;
				IPHONEOS_DEPLOYMENT_TARGET = 15.0;
				LD_RUNPATH_SEARCH_PATHS = (
					"$(inherited)",
					"@executable_path/Frameworks",
					"@loader_path/Frameworks",
				);
				MARKETING_VERSION = 1.0;
				PRODUCT_BUNDLE_IDENTIFIER = "com.proactive.devops.com.Devops-iOSTests";
				PRODUCT_NAME = "$(TARGET_NAME)";
				SWIFT_EMIT_LOC_STRINGS = NO;
				SWIFT_VERSION = 5.0;
				TARGETED_DEVICE_FAMILY = "1,2";
				TEST_HOST = "$(BUILT_PRODUCTS_DIR)/Devops-iOS.app/Devops-iOS";
			};
			name = Release;
		};
		EE139C3127C3160600D620A9 /* Debug */ = {
			isa = XCBuildConfiguration;
			baseConfigurationReference = D5F2D592CA0EEC32CDC2A275 /* Pods-Devops-iOS-Devops-iOSUITests.debug.xcconfig */;
			buildSettings = {
				ALWAYS_EMBED_SWIFT_STANDARD_LIBRARIES = YES;
				CODE_SIGN_STYLE = Automatic;
				CURRENT_PROJECT_VERSION = 1;
				DEVELOPMENT_TEAM = 5W68NWGFXQ;
				GENERATE_INFOPLIST_FILE = YES;
				LD_RUNPATH_SEARCH_PATHS = (
					"$(inherited)",
					"@executable_path/Frameworks",
					"@loader_path/Frameworks",
				);
				MARKETING_VERSION = 1.0;
				PRODUCT_BUNDLE_IDENTIFIER = "com.proactive.devops.com.Devops-iOSUITests";
				PRODUCT_NAME = "$(TARGET_NAME)";
				SWIFT_EMIT_LOC_STRINGS = NO;
				SWIFT_VERSION = 5.0;
				TARGETED_DEVICE_FAMILY = "1,2";
				TEST_TARGET_NAME = "Devops-iOS";
			};
			name = Debug;
		};
		EE139C3227C3160600D620A9 /* Release */ = {
			isa = XCBuildConfiguration;
			baseConfigurationReference = 5CC37E9A10B0867FA023BAC5 /* Pods-Devops-iOS-Devops-iOSUITests.release.xcconfig */;
			buildSettings = {
				ALWAYS_EMBED_SWIFT_STANDARD_LIBRARIES = YES;
				CODE_SIGN_STYLE = Automatic;
				CURRENT_PROJECT_VERSION = 1;
				DEVELOPMENT_TEAM = 5W68NWGFXQ;
				GENERATE_INFOPLIST_FILE = YES;
				LD_RUNPATH_SEARCH_PATHS = (
					"$(inherited)",
					"@executable_path/Frameworks",
					"@loader_path/Frameworks",
				);
				MARKETING_VERSION = 1.0;
				PRODUCT_BUNDLE_IDENTIFIER = "com.proactive.devops.com.Devops-iOSUITests";
				PRODUCT_NAME = "$(TARGET_NAME)";
				SWIFT_EMIT_LOC_STRINGS = NO;
				SWIFT_VERSION = 5.0;
				TARGETED_DEVICE_FAMILY = "1,2";
				TEST_TARGET_NAME = "Devops-iOS";
			};
			name = Release;
		};
/* End XCBuildConfiguration section */

/* Begin XCConfigurationList section */
		EE139BFB27C3160300D620A9 /* Build configuration list for PBXProject "Devops-iOS" */ = {
			isa = XCConfigurationList;
			buildConfigurations = (
				EE139C2827C3160600D620A9 /* Debug */,
				EE139C2927C3160600D620A9 /* Release */,
			);
			defaultConfigurationIsVisible = 0;
			defaultConfigurationName = Release;
		};
		EE139C2A27C3160600D620A9 /* Build configuration list for PBXNativeTarget "Devops-iOS" */ = {
			isa = XCConfigurationList;
			buildConfigurations = (
				EE139C2B27C3160600D620A9 /* Debug */,
				EE139C2C27C3160600D620A9 /* Release */,
			);
			defaultConfigurationIsVisible = 0;
			defaultConfigurationName = Release;
		};
		EE139C2D27C3160600D620A9 /* Build configuration list for PBXNativeTarget "Devops-iOSTests" */ = {
			isa = XCConfigurationList;
			buildConfigurations = (
				EE139C2E27C3160600D620A9 /* Debug */,
				EE139C2F27C3160600D620A9 /* Release */,
			);
			defaultConfigurationIsVisible = 0;
			defaultConfigurationName = Release;
		};
		EE139C3027C3160600D620A9 /* Build configuration list for PBXNativeTarget "Devops-iOSUITests" */ = {
			isa = XCConfigurationList;
			buildConfigurations = (
				EE139C3127C3160600D620A9 /* Debug */,
				EE139C3227C3160600D620A9 /* Release */,
			);
			defaultConfigurationIsVisible = 0;
			defaultConfigurationName = Release;
		};
/* End XCConfigurationList section */
	};
	rootObject = EE139BF827C3160300D620A9 /* Project object */;
}
